
Microsoft Visual Studio Solution File, Format Version 12.00
# Visual Studio Version 16
VisualStudioVersion = 16.0.36227.6
MinimumVisualStudioVersion = 10.0.40219.1
Project("{FAE04EC0-301F-11D3-BF4B-00C04F79EFBC}") = "SchoolAttendance_Bilal", "SchoolAttendance_Bilal\SchoolAttendance_Bilal.csproj", "{6C79C16A-29CB-4444-BC93-B1976512029C}"
EndProject
Global
	GlobalSection(SolutionConfigurationPlatforms) = preSolution
		Debug|Any CPU = Debug|Any CPU
		Release|Any CPU = Release|Any CPU
	EndGlobalSection
	GlobalSection(ProjectConfigurationPlatforms) = postSolution
		{6C79C16A-29CB-4444-BC93-B1976512029C}.Debug|Any CPU.ActiveCfg = Debug|Any CPU
		{6C79C16A-29CB-4444-BC93-B1976512029C}.Debug|Any CPU.Build.0 = Debug|Any CPU
		{6C79C16A-29CB-4444-BC93-B1976512029C}.Release|Any CPU.ActiveCfg = Release|Any CPU
		{6C79C16A-29CB-4444-BC93-B1976512029C}.Release|Any CPU.Build.0 = Release|Any CPU
	EndGlobalSection
	GlobalSection(SolutionProperties) = preSolution
		HideSolutionNode = FALSE
	EndGlobalSection
	GlobalSection(ExtensibilityGlobals) = postSolution
		SolutionGuid = {42EC7561-2784-4898-A951-A9F1DF18BBA4}
	EndGlobalSection
EndGlobal
